
Microsoft Visual Studio Solution File, Format Version 12.00
# Visual Studio Version 17
VisualStudioVersion = 17.11.35222.181
MinimumVisualStudioVersion = 10.0.40219.1
Project("{FAE04EC0-301F-11D3-BF4B-00C04F79EFBC}") = "MemoryMatchGame", "MemoryMatchGame\MemoryMatchGame.csproj", "{D523008F-350E-4AF2-A1C0-23041E2E9838}"
EndProject
Global
	GlobalSection(SolutionConfigurationPlatforms) = preSolution
		Debug|Any CPU = Debug|Any CPU
		Release|Any CPU = Release|Any CPU
	EndGlobalSection
	GlobalSection(ProjectConfigurationPlatforms) = postSolution
		{D523008F-350E-4AF2-A1C0-23041E2E9838}.Debug|Any CPU.ActiveCfg = Debug|Any CPU
		{D523008F-350E-4AF2-A1C0-23041E2E9838}.Debug|Any CPU.Build.0 = Debug|Any CPU
		{D523008F-350E-4AF2-A1C0-23041E2E9838}.Release|Any CPU.ActiveCfg = Release|Any CPU
		{D523008F-350E-4AF2-A1C0-23041E2E9838}.Release|Any CPU.Build.0 = Release|Any CPU
	EndGlobalSection
	GlobalSection(SolutionProperties) = preSolution
		HideSolutionNode = FALSE
	EndGlobalSection
	GlobalSection(ExtensibilityGlobals) = postSolution
		SolutionGuid = {F2CDC8DD-B091-4610-BFCD-CE681C450702}
	EndGlobalSection
EndGlobal
